// !$*UTF8*$!
{
	archiveVersion = 1;
	classes = {
	};
	objectVersion = 46;
	objects = {

/* Begin PBXBuildFile section */
		DE3535C919B3387D00AC9A44 /* AppDelegate.swift in Sources */ = {isa = PBXBuildFile; fileRef = DE3535C819B3387D00AC9A44 /* AppDelegate.swift */; };
		DE3535CB19B3387D00AC9A44 /* ViewController.swift in Sources */ = {isa = PBXBuildFile; fileRef = DE3535CA19B3387D00AC9A44 /* ViewController.swift */; };
		DE3535CE19B3387D00AC9A44 /* Main.storyboard in Resources */ = {isa = PBXBuildFile; fileRef = DE3535CC19B3387D00AC9A44 /* Main.storyboard */; };
		DE3535D019B3387D00AC9A44 /* Images.xcassets in Resources */ = {isa = PBXBuildFile; fileRef = DE3535CF19B3387D00AC9A44 /* Images.xcassets */; };
		DE3535DC19B3387D00AC9A44 /* SwiftGradientsTests.swift in Sources */ = {isa = PBXBuildFile; fileRef = DE3535DB19B3387D00AC9A44 /* SwiftGradientsTests.swift */; };
		DEF3AAC919B33F5100A22E73 /* GradientView.swift in Sources */ = {isa = PBXBuildFile; fileRef = DEF3AAC819B33F5100A22E73 /* GradientView.swift */; };
		DEF3AACF19B3612200A22E73 /* Localizable.strings in Resources */ = {isa = PBXBuildFile; fileRef = DEF3AAD119B3612200A22E73 /* Localizable.strings */; };
/* End PBXBuildFile section */

/* Begin PBXContainerItemProxy section */
		DE3535D619B3387D00AC9A44 /* PBXContainerItemProxy */ = {
			isa = PBXContainerItemProxy;
			containerPortal = DE3535BB19B3387D00AC9A44 /* Project object */;
			proxyType = 1;
			remoteGlobalIDString = DE3535C219B3387D00AC9A44;
			remoteInfo = SwiftGradients;
		};
/* End PBXContainerItemProxy section */

/* Begin PBXFileReference section */
		DE3535C319B3387D00AC9A44 /* SwiftGradients.app */ = {isa = PBXFileReference; explicitFileType = wrapper.application; includeInIndex = 0; path = SwiftGradients.app; sourceTree = BUILT_PRODUCTS_DIR; };
		DE3535C719B3387D00AC9A44 /* Info.plist */ = {isa = PBXFileReference; lastKnownFileType = text.plist.xml; path = Info.plist; sourceTree = "<group>"; };
		DE3535C819B3387D00AC9A44 /* AppDelegate.swift */ = {isa = PBXFileReference; lastKnownFileType = sourcecode.swift; path = AppDelegate.swift; sourceTree = "<group>"; };
		DE3535CA19B3387D00AC9A44 /* ViewController.swift */ = {isa = PBXFileReference; lastKnownFileType = sourcecode.swift; path = ViewController.swift; sourceTree = "<group>"; };
		DE3535CD19B3387D00AC9A44 /* Base */ = {isa = PBXFileReference; lastKnownFileType = file.storyboard; name = Base; path = Base.lproj/Main.storyboard; sourceTree = "<group>"; };
		DE3535CF19B3387D00AC9A44 /* Images.xcassets */ = {isa = PBXFileReference; lastKnownFileType = folder.assetcatalog; path = Images.xcassets; sourceTree = "<group>"; };
		DE3535D519B3387D00AC9A44 /* SwiftGradientsTests.xctest */ = {isa = PBXFileReference; explicitFileType = wrapper.cfbundle; includeInIndex = 0; path = SwiftGradientsTests.xctest; sourceTree = BUILT_PRODUCTS_DIR; };
		DE3535DA19B3387D00AC9A44 /* Info.plist */ = {isa = PBXFileReference; lastKnownFileType = text.plist.xml; path = Info.plist; sourceTree = "<group>"; };
		DE3535DB19B3387D00AC9A44 /* SwiftGradientsTests.swift */ = {isa = PBXFileReference; lastKnownFileType = sourcecode.swift; path = SwiftGradientsTests.swift; sourceTree = "<group>"; };
		DEF3AAC819B33F5100A22E73 /* GradientView.swift */ = {isa = PBXFileReference; fileEncoding = 4; lastKnownFileType = sourcecode.swift; path = GradientView.swift; sourceTree = "<group>"; };
		DEF3AAD019B3612200A22E73 /* Base */ = {isa = PBXFileReference; lastKnownFileType = text.plist.strings; name = Base; path = Base.lproj/Localizable.strings; sourceTree = "<group>"; };
/* End PBXFileReference section */

/* Begin PBXFrameworksBuildPhase section */
		DE3535C019B3387D00AC9A44 /* Frameworks */ = {
			isa = PBXFrameworksBuildPhase;
			buildActionMask = 2147483647;
			files = (
			);
			runOnlyForDeploymentPostprocessing = 0;
		};
		DE3535D219B3387D00AC9A44 /* Frameworks */ = {
			isa = PBXFrameworksBuildPhase;
			buildActionMask = 2147483647;
			files = (
			);
			runOnlyForDeploymentPostprocessing = 0;
		};
/* End PBXFrameworksBuildPhase section */

/* Begin PBXGroup section */
		DE3535BA19B3387D00AC9A44 = {
			isa = PBXGroup;
			children = (
				DE3535C519B3387D00AC9A44 /* SwiftGradients */,
				DE3535D819B3387D00AC9A44 /* SwiftGradientsTests */,
				DE3535C419B3387D00AC9A44 /* Products */,
			);
			sourceTree = "<group>";
		};
		DE3535C419B3387D00AC9A44 /* Products */ = {
			isa = PBXGroup;
			children = (
				DE3535C319B3387D00AC9A44 /* SwiftGradients.app */,
				DE3535D519B3387D00AC9A44 /* SwiftGradientsTests.xctest */,
			);
			name = Products;
			sourceTree = "<group>";
		};
		DE3535C519B3387D00AC9A44 /* SwiftGradients */ = {
			isa = PBXGroup;
			children = (
				DE3535C819B3387D00AC9A44 /* AppDelegate.swift */,
				DE3535CA19B3387D00AC9A44 /* ViewController.swift */,
				DEF3AAC819B33F5100A22E73 /* GradientView.swift */,
				DE3535CC19B3387D00AC9A44 /* Main.storyboard */,
				DE3535CF19B3387D00AC9A44 /* Images.xcassets */,
				DE3535C619B3387D00AC9A44 /* Supporting Files */,
			);
			path = SwiftGradients;
			sourceTree = "<group>";
		};
		DE3535C619B3387D00AC9A44 /* Supporting Files */ = {
			isa = PBXGroup;
			children = (
				DE3535C719B3387D00AC9A44 /* Info.plist */,
				DEF3AAD119B3612200A22E73 /* Localizable.strings */,
			);
			name = "Supporting Files";
			sourceTree = "<group>";
		};
		DE3535D819B3387D00AC9A44 /* SwiftGradientsTests */ = {
			isa = PBXGroup;
			children = (
				DE3535DB19B3387D00AC9A44 /* SwiftGradientsTests.swift */,
				DE3535D919B3387D00AC9A44 /* Supporting Files */,
			);
			path = SwiftGradientsTests;
			sourceTree = "<group>";
		};
		DE3535D919B3387D00AC9A44 /* Supporting Files */ = {
			isa = PBXGroup;
			children = (
				DE3535DA19B3387D00AC9A44 /* Info.plist */,
			);
			name = "Supporting Files";
			sourceTree = "<group>";
		};
/* End PBXGroup section */

/* Begin PBXNativeTarget section */
		DE3535C219B3387D00AC9A44 /* SwiftGradients */ = {
			isa = PBXNativeTarget;
			buildConfigurationList = DE3535DF19B3387D00AC9A44 /* Build configuration list for PBXNativeTarget "SwiftGradients" */;
			buildPhases = (
				DE3535BF19B3387D00AC9A44 /* Sources */,
				DE3535C019B3387D00AC9A44 /* Frameworks */,
				DE3535C119B3387D00AC9A44 /* Resources */,
			);
			buildRules = (
			);
			dependencies = (
			);
			name = SwiftGradients;
			productName = SwiftGradients;
			productReference = DE3535C319B3387D00AC9A44 /* SwiftGradients.app */;
			productType = "com.apple.product-type.application";
		};
		DE3535D419B3387D00AC9A44 /* SwiftGradientsTests */ = {
			isa = PBXNativeTarget;
			buildConfigurationList = DE3535E219B3387D00AC9A44 /* Build configuration list for PBXNativeTarget "SwiftGradientsTests" */;
			buildPhases = (
				DE3535D119B3387D00AC9A44 /* Sources */,
				DE3535D219B3387D00AC9A44 /* Frameworks */,
				DE3535D319B3387D00AC9A44 /* Resources */,
			);
			buildRules = (
			);
			dependencies = (
				DE3535D719B3387D00AC9A44 /* PBXTargetDependency */,
			);
			name = SwiftGradientsTests;
			productName = SwiftGradientsTests;
			productReference = DE3535D519B3387D00AC9A44 /* SwiftGradientsTests.xctest */;
			productType = "com.apple.product-type.bundle.unit-test";
		};
/* End PBXNativeTarget section */

/* Begin PBXProject section */
		DE3535BB19B3387D00AC9A44 /* Project object */ = {
			isa = PBXProject;
			attributes = {
				LastUpgradeCheck = 0600;
				ORGANIZATIONNAME = "Alexander Edge Ltd.";
				TargetAttributes = {
					DE3535C219B3387D00AC9A44 = {
						CreatedOnToolsVersion = 6.0;
					};
					DE3535D419B3387D00AC9A44 = {
						CreatedOnToolsVersion = 6.0;
						TestTargetID = DE3535C219B3387D00AC9A44;
					};
				};
			};
			buildConfigurationList = DE3535BE19B3387D00AC9A44 /* Build configuration list for PBXProject "SwiftGradients" */;
			compatibilityVersion = "Xcode 3.2";
			developmentRegion = English;
			hasScannedForEncodings = 0;
			knownRegions = (
				en,
				Base,
			);
			mainGroup = DE3535BA19B3387D00AC9A44;
			productRefGroup = DE3535C419B3387D00AC9A44 /* Products */;
			projectDirPath = "";
			projectRoot = "";
			targets = (
				DE3535C219B3387D00AC9A44 /* SwiftGradients */,
				DE3535D419B3387D00AC9A44 /* SwiftGradientsTests */,
			);
		};
/* End PBXProject section */

/* Begin PBXResourcesBuildPhase section */
		DE3535C119B3387D00AC9A44 /* Resources */ = {
			isa = PBXResourcesBuildPhase;
			buildActionMask = 2147483647;
			files = (
				DE3535CE19B3387D00AC9A44 /* Main.storyboard in Resources */,
				DEF3AACF19B3612200A22E73 /* Localizable.strings in Resources */,
				DE3535D019B3387D00AC9A44 /* Images.xcassets in Resources */,
			);
			runOnlyForDeploymentPostprocessing = 0;
		};
		DE3535D319B3387D00AC9A44 /* Resources */ = {
			isa = PBXResourcesBuildPhase;
			buildActionMask = 2147483647;
			files = (
			);
			runOnlyForDeploymentPostprocessing = 0;
		};
/* End PBXResourcesBuildPhase section */

/* Begin PBXSourcesBuildPhase section */
		DE3535BF19B3387D00AC9A44 /* Sources */ = {
			isa = PBXSourcesBuildPhase;
			buildActionMask = 2147483647;
			files = (
				DE3535CB19B3387D00AC9A44 /* ViewController.swift in Sources */,
				DE3535C919B3387D00AC9A44 /* AppDelegate.swift in Sources */,
				DEF3AAC919B33F5100A22E73 /* GradientView.swift in Sources */,
			);
			runOnlyForDeploymentPostprocessing = 0;
		};
		DE3535D119B3387D00AC9A44 /* Sources */ = {
			isa = PBXSourcesBuildPhase;
			buildActionMask = 2147483647;
			files = (
				DE3535DC19B3387D00AC9A44 /* SwiftGradientsTests.swift in Sources */,
			);
			runOnlyForDeploymentPostprocessing = 0;
		};
/* End PBXSourcesBuildPhase section */

/* Begin PBXTargetDependency section */
		DE3535D719B3387D00AC9A44 /* PBXTargetDependency */ = {
			isa = PBXTargetDependency;
			target = DE3535C219B3387D00AC9A44 /* SwiftGradients */;
			targetProxy = DE3535D619B3387D00AC9A44 /* PBXContainerItemProxy */;
		};
/* End PBXTargetDependency section */

/* Begin PBXVariantGroup section */
		DE3535CC19B3387D00AC9A44 /* Main.storyboard */ = {
			isa = PBXVariantGroup;
			children = (
				DE3535CD19B3387D00AC9A44 /* Base */,
			);
			name = Main.storyboard;
			sourceTree = "<group>";
		};
		DEF3AAD119B3612200A22E73 /* Localizable.strings */ = {
			isa = PBXVariantGroup;
			children = (
				DEF3AAD019B3612200A22E73 /* Base */,
			);
			name = Localizable.strings;
			sourceTree = "<group>";
		};
/* End PBXVariantGroup section */

/* Begin XCBuildConfiguration section */
		DE3535DD19B3387D00AC9A44 /* Debug */ = {
			isa = XCBuildConfiguration;
			buildSettings = {
				ALWAYS_SEARCH_USER_PATHS = NO;
				CLANG_CXX_LANGUAGE_STANDARD = "gnu++0x";
				CLANG_CXX_LIBRARY = "libc++";
				CLANG_ENABLE_MODULES = YES;
				CLANG_ENABLE_OBJC_ARC = YES;
				CLANG_WARN_BOOL_CONVERSION = YES;
				CLANG_WARN_CONSTANT_CONVERSION = YES;
				CLANG_WARN_DIRECT_OBJC_ISA_USAGE = YES_ERROR;
				CLANG_WARN_EMPTY_BODY = YES;
				CLANG_WARN_ENUM_CONVERSION = YES;
				CLANG_WARN_INT_CONVERSION = YES;
				CLANG_WARN_OBJC_ROOT_CLASS = YES_ERROR;
				CLANG_WARN_UNREACHABLE_CODE = YES;
				CLANG_WARN__DUPLICATE_METHOD_MATCH = YES;
				"CODE_SIGN_IDENTITY[sdk=iphoneos*]" = "iPhone Developer";
				COPY_PHASE_STRIP = NO;
				ENABLE_STRICT_OBJC_MSGSEND = YES;
				GCC_C_LANGUAGE_STANDARD = gnu99;
				GCC_DYNAMIC_NO_PIC = NO;
				GCC_OPTIMIZATION_LEVEL = 0;
				GCC_PREPROCESSOR_DEFINITIONS = (
					"DEBUG=1",
					"$(inherited)",
				);
				GCC_SYMBOLS_PRIVATE_EXTERN = NO;
				GCC_WARN_64_TO_32_BIT_CONVERSION = YES;
				GCC_WARN_ABOUT_RETURN_TYPE = YES_ERROR;
				GCC_WARN_UNDECLARED_SELECTOR = YES;
				GCC_WARN_UNINITIALIZED_AUTOS = YES_AGGRESSIVE;
				GCC_WARN_UNUSED_FUNCTION = YES;
				GCC_WARN_UNUSED_VARIABLE = YES;
				IPHONEOS_DEPLOYMENT_TARGET = 8.0;
				MTL_ENABLE_DEBUG_INFO = YES;
				ONLY_ACTIVE_ARCH = YES;
				SDKROOT = iphoneos;
				SWIFT_OPTIMIZATION_LEVEL = "-Onone";
				TARGETED_DEVICE_FAMILY = "1,2";
			};
			name = Debug;
		};
		DE3535DE19B3387D00AC9A44 /* Release */ = {
			isa = XCBuildConfiguration;
			buildSettings = {
				ALWAYS_SEARCH_USER_PATHS = NO;
				CLANG_CXX_LANGUAGE_STANDARD = "gnu++0x";
				CLANG_CXX_LIBRARY = "libc++";
				CLANG_ENABLE_MODULES = YES;
				CLANG_ENABLE_OBJC_ARC = YES;
				CLANG_WARN_BOOL_CONVERSION = YES;
				CLANG_WARN_CONSTANT_CONVERSION = YES;
				CLANG_WARN_DIRECT_OBJC_ISA_USAGE = YES_ERROR;
				CLANG_WARN_EMPTY_BODY = YES;
				CLANG_WARN_ENUM_CONVERSION = YES;
				CLANG_WARN_INT_CONVERSION = YES;
				CLANG_WARN_OBJC_ROOT_CLASS = YES_ERROR;
				CLANG_WARN_UNREACHABLE_CODE = YES;
				CLANG_WARN__DUPLICATE_METHOD_MATCH = YES;
				"CODE_SIGN_IDENTITY[sdk=iphoneos*]" = "iPhone Developer";
				COPY_PHASE_STRIP = YES;
				ENABLE_NS_ASSERTIONS = NO;
				ENABLE_STRICT_OBJC_MSGSEND = YES;
				GCC_C_LANGUAGE_STANDARD = gnu99;
				GCC_WARN_64_TO_32_BIT_CONVERSION = YES;
				GCC_WARN_ABOUT_RETURN_TYPE = YES_ERROR;
				GCC_WARN_UNDECLARED_SELECTOR = YES;
				GCC_WARN_UNINITIALIZED_AUTOS = YES_AGGRESSIVE;
				GCC_WARN_UNUSED_FUNCTION = YES;
				GCC_WARN_UNUSED_VARIABLE = YES;
				IPHONEOS_DEPLOYMENT_TARGET = 8.0;
				MTL_ENABLE_DEBUG_INFO = NO;
				SDKROOT = iphoneos;
				TARGETED_DEVICE_FAMILY = "1,2";
				VALIDATE_PRODUCT = YES;
			};
			name = Release;
		};
		DE3535E019B3387D00AC9A44 /* Debug */ = {
			isa = XCBuildConfiguration;
			buildSettings = {
				ASSETCATALOG_COMPILER_APPICON_NAME = AppIcon;
				ASSETCATALOG_COMPILER_LAUNCHIMAGE_NAME = LaunchImage;
				INFOPLIST_FILE = SwiftGradients/Info.plist;
				LD_RUNPATH_SEARCH_PATHS = "$(inherited) @executable_path/Frameworks";
				PRODUCT_NAME = "$(TARGET_NAME)";
			};
			name = Debug;
		};
		DE3535E119B3387D00AC9A44 /* Release */ = {
			isa = XCBuildConfiguration;
			buildSettings = {
				ASSETCATALOG_COMPILER_APPICON_NAME = AppIcon;
				ASSETCATALOG_COMPILER_LAUNCHIMAGE_NAME = LaunchImage;
				INFOPLIST_FILE = SwiftGradients/Info.plist;
				LD_RUNPATH_SEARCH_PATHS = "$(inherited) @executable_path/Frameworks";
				PRODUCT_NAME = "$(TARGET_NAME)";
			};
			name = Release;
		};
		DE3535E319B3387D00AC9A44 /* Debug */ = {
			isa = XCBuildConfiguration;
			buildSettings = {
				BUNDLE_LOADER = "$(TEST_HOST)";
				FRAMEWORK_SEARCH_PATHS = (
					"$(SDKROOT)/Developer/Library/Frameworks",
					"$(inherited)",
				);
				GCC_PREPROCESSOR_DEFINITIONS = (
					"DEBUG=1",
					"$(inherited)",
				);
				INFOPLIST_FILE = SwiftGradientsTests/Info.plist;
				LD_RUNPATH_SEARCH_PATHS = "$(inherited) @executable_path/Frameworks @loader_path/Frameworks";
				PRODUCT_NAME = "$(TARGET_NAME)";
				TEST_HOST = "$(BUILT_PRODUCTS_DIR)/SwiftGradients.app/SwiftGradients";
			};
			name = Debug;
		};
		DE3535E419B3387D00AC9A44 /* Release */ = {
			isa = XCBuildConfiguration;
			buildSettings = {
				BUNDLE_LOADER = "$(TEST_HOST)";
				FRAMEWORK_SEARCH_PATHS = (
					"$(SDKROOT)/Developer/Library/Frameworks",
					"$(inherited)",
				);
				INFOPLIST_FILE = SwiftGradientsTests/Info.plist;
				LD_RUNPATH_SEARCH_PATHS = "$(inherited) @executable_path/Frameworks @loader_path/Frameworks";
				PRODUCT_NAME = "$(TARGET_NAME)";
				TEST_HOST = "$(BUILT_PRODUCTS_DIR)/SwiftGradients.app/SwiftGradients";
			};
			name = Release;
		};
/* End XCBuildConfiguration section */

/* Begin XCConfigurationList section */
		DE3535BE19B3387D00AC9A44 /* Build configuration list for PBXProject "SwiftGradients" */ = {
			isa = XCConfigurationList;
			buildConfigurations = (
				DE3535DD19B3387D00AC9A44 /* Debug */,
				DE3535DE19B3387D00AC9A44 /* Release */,
			);
			defaultConfigurationIsVisible = 0;
			defaultConfigurationName = Release;
		};
		DE3535DF19B3387D00AC9A44 /* Build configuration list for PBXNativeTarget "SwiftGradients" */ = {
			isa = XCConfigurationList;
			buildConfigurations = (
				DE3535E019B3387D00AC9A44 /* Debug */,
				DE3535E119B3387D00AC9A44 /* Release */,
			);
			defaultConfigurationIsVisible = 0;
			defaultConfigurationName = Release;
		};
		DE3535E219B3387D00AC9A44 /* Build configuration list for PBXNativeTarget "SwiftGradientsTests" */ = {
			isa = XCConfigurationList;
			buildConfigurations = (
				DE3535E319B3387D00AC9A44 /* Debug */,
				DE3535E419B3387D00AC9A44 /* Release */,
			);
			defaultConfigurationIsVisible = 0;
			defaultConfigurationName = Release;
		};
/* End XCConfigurationList section */
	};
	rootObject = DE3535BB19B3387D00AC9A44 /* Project object */;
}
